
Microsoft Visual Studio Solution File, Format Version 12.00
# Visual Studio Version 17
VisualStudioVersion = 17.7.34018.315
MinimumVisualStudioVersion = 10.0.40219.1
Project("{FAE04EC0-301F-11D3-BF4B-00C04F79EFBC}") = "publisher", "publisher.csproj", "{BFFCD550-FB44-4AA0-9007-5B171CA18829}"
EndProject
Global
	GlobalSection(SolutionConfigurationPlatforms) = preSolution
		Debug|Any CPU = Debug|Any CPU
		Release|Any CPU = Release|Any CPU
	EndGlobalSection
	GlobalSection(ProjectConfigurationPlatforms) = postSolution
		{BFFCD550-FB44-4AA0-9007-5B171CA18829}.Debug|Any CPU.ActiveCfg = Debug|Any CPU
		{BFFCD550-FB44-4AA0-9007-5B171CA18829}.Debug|Any CPU.Build.0 = Debug|Any CPU
		{BFFCD550-FB44-4AA0-9007-5B171CA18829}.Release|Any CPU.ActiveCfg = Release|Any CPU
		{BFFCD550-FB44-4AA0-9007-5B171CA18829}.Release|Any CPU.Build.0 = Release|Any CPU
	EndGlobalSection
	GlobalSection(SolutionProperties) = preSolution
		HideSolutionNode = FALSE
	EndGlobalSection
	GlobalSection(ExtensibilityGlobals) = postSolution
		SolutionGuid = {591848AF-0A32-42D7-BE32-F43BC59B421B}
	EndGlobalSection
EndGlobal
